
Microsoft Visual Studio Solution File, Format Version 12.00
# Visual Studio 15
VisualStudioVersion = 15.0.27428.2015
MinimumVisualStudioVersion = 10.0.40219.1
Project("{FAE04EC0-301F-11D3-BF4B-00C04F79EFBC}") = "08-Dictionary", "08-Dictionary\08-Dictionary.csproj", "{67211964-DBFA-4E8E-8B5F-EE875C6503DB}"
EndProject
Project("{FAE04EC0-301F-11D3-BF4B-00C04F79EFBC}") = "09-Recursion", "09-Recursion\09-Recursion.csproj", "{D8CFCCFB-33BC-435A-B954-A6466E58EB77}"
EndProject
Project("{FAE04EC0-301F-11D3-BF4B-00C04F79EFBC}") = "10-BinaryNumbers", "10-BinaryNumbers\10-BinaryNumbers.csproj", "{F55F4EFD-2A2B-4790-A456-F7698400145E}"
EndProject
Project("{FAE04EC0-301F-11D3-BF4B-00C04F79EFBC}") = "11-2DArrays", "11-2DArrays\11-2DArrays.csproj", "{B37A401E-94F0-4452-A98B-989890F330EF}"
EndProject
Project("{FAE04EC0-301F-11D3-BF4B-00C04F79EFBC}") = "12-Inheritance", "12-Inheritance\12-Inheritance.csproj", "{DB6D4833-7BAA-4C4C-B2DF-8C64777F7998}"
EndProject
Project("{FAE04EC0-301F-11D3-BF4B-00C04F79EFBC}") = "13-AbstractClasses", "13-AbstractClasses\13-AbstractClasses.csproj", "{10D030FE-F3CE-4305-83A1-9B6E7B4EC42F}"
EndProject
Project("{FAE04EC0-301F-11D3-BF4B-00C04F79EFBC}") = "14-Scope", "14-Scope\14-Scope.csproj", "{74AF1911-7A9E-4477-8A29-7068D233A274}"
EndProject
Project("{FAE04EC0-301F-11D3-BF4B-00C04F79EFBC}") = "15-LinkedList", "15-LinkedList\15-LinkedList.csproj", "{0320C626-98DB-4A6A-9186-74ADDA96A2F3}"
EndProject
Project("{FAE04EC0-301F-11D3-BF4B-00C04F79EFBC}") = "16-ExceptionsStringToInteger", "16-ExceptionsStringToInteger\16-ExceptionsStringToInteger.csproj", "{801EDDE4-DA24-43B3-ABEB-59723F9B8105}"
EndProject
Project("{FAE04EC0-301F-11D3-BF4B-00C04F79EFBC}") = "17-MoreExceptions", "17-MoreExceptions\17-MoreExceptions.csproj", "{6FE6EC05-2819-427C-B493-F5E0D3D5204A}"
EndProject
Project("{FAE04EC0-301F-11D3-BF4B-00C04F79EFBC}") = "18-QueuesAndStacks", "18-QueuesAndStacks\18-QueuesAndStacks.csproj", "{1377536C-1D28-4EB2-8E14-ADFF9623B408}"
EndProject
Project("{FAE04EC0-301F-11D3-BF4B-00C04F79EFBC}") = "19-Interfaces", "19-Interfaces\19-Interfaces.csproj", "{37A921B0-1CDE-4D4F-A3BA-234519731E3E}"
EndProject
Project("{FAE04EC0-301F-11D3-BF4B-00C04F79EFBC}") = "20-Sorting", "20-Sorting\20-Sorting.csproj", "{24AEA11A-7C80-4293-85D8-CFEE612ABAAC}"
EndProject
Project("{FAE04EC0-301F-11D3-BF4B-00C04F79EFBC}") = "21-Generics", "21-Generics\21-Generics.csproj", "{2E12C065-3414-4D29-94A4-9E37C8249C2A}"
EndProject
Project("{FAE04EC0-301F-11D3-BF4B-00C04F79EFBC}") = "22-BinarySearchTrees", "22-BinarySearchTrees\22-BinarySearchTrees.csproj", "{2FEE4839-FD18-44F9-A948-B11E98DB52C7}"
EndProject
Project("{FAE04EC0-301F-11D3-BF4B-00C04F79EFBC}") = "23-BSTLevelOrderTraversal", "23-BSTLevelOrderTraversal\23-BSTLevelOrderTraversal.csproj", "{81BD9D71-B976-4EF1-B699-F1AC1A04426E}"
EndProject
Project("{FAE04EC0-301F-11D3-BF4B-00C04F79EFBC}") = "24-MoreLinkedLists", "24-MoreLinkedLists\24-MoreLinkedLists.csproj", "{813F3988-CF46-46D1-B0D2-A7E0348E7FC1}"
EndProject
Project("{FAE04EC0-301F-11D3-BF4B-00C04F79EFBC}") = "25-RunningTimeAndComplexity", "25-RunningTimeAndComplexity\25-RunningTimeAndComplexity.csproj", "{E944F5FD-F469-4884-B41D-B20C4FC2C882}"
EndProject
Project("{FAE04EC0-301F-11D3-BF4B-00C04F79EFBC}") = "26-NestedLogic", "26-NestedLogic\26-NestedLogic.csproj", "{7DF86E77-4640-4BE5-91BF-098E8469F35F}"
EndProject
Project("{FAE04EC0-301F-11D3-BF4B-00C04F79EFBC}") = "27-Testing", "27-Testing\27-Testing.csproj", "{6492A030-7F3F-401C-9C82-BCA2024C3D22}"
EndProject
Project("{FAE04EC0-301F-11D3-BF4B-00C04F79EFBC}") = "28-RegEx", "28-RegEx\28-RegEx.csproj", "{8B55D32D-403C-4ED0-9B0F-C51C2542A148}"
EndProject
Project("{FAE04EC0-301F-11D3-BF4B-00C04F79EFBC}") = "29-BitwiseAND", "29-BitwiseAND\29-BitwiseAND.csproj", "{6C7A37B2-8E2F-4A22-8FC0-E2ABB614B212}"
EndProject
Project("{FAE04EC0-301F-11D3-BF4B-00C04F79EFBC}") = "00-HelloWorld", "00-HelloWorld\00-HelloWorld.csproj", "{BFBC5E69-63AE-4A7C-A404-F5F2059098E6}"
EndProject
Project("{FAE04EC0-301F-11D3-BF4B-00C04F79EFBC}") = "01-DataTypes", "01-DataTypes\01-DataTypes.csproj", "{83ABFC7F-B7FC-4D0D-AAC3-EAC884BB1D02}"
EndProject
Project("{FAE04EC0-301F-11D3-BF4B-00C04F79EFBC}") = "02-Operators", "02-Operators\02-Operators.csproj", "{E52E6B94-2533-4A10-8A0D-FCBCA8092F61}"
EndProject
Project("{FAE04EC0-301F-11D3-BF4B-00C04F79EFBC}") = "03-IntroToConditionalStatements", "03-IntroToConditionalStatements\03-IntroToConditionalStatements.csproj", "{793BF8A1-ED45-4D3F-99CC-3C05DF5A2268}"
EndProject
Project("{FAE04EC0-301F-11D3-BF4B-00C04F79EFBC}") = "04-ClassVsInstance", "04-ClassVsInstance\04-ClassVsInstance.csproj", "{6266E448-F6A2-44E0-95E1-F91C7DCA7F9E}"
EndProject
Project("{FAE04EC0-301F-11D3-BF4B-00C04F79EFBC}") = "05-Loops", "05-Loops\05-Loops.csproj", "{FE766408-32B7-4FE4-B8CD-86A7B93EADEF}"
EndProject
Project("{FAE04EC0-301F-11D3-BF4B-00C04F79EFBC}") = "06-LetsReview", "06-LetsReview\06-LetsReview.csproj", "{09A6CD74-D940-4B0D-896F-C9F09BB5C381}"
EndProject
Project("{FAE04EC0-301F-11D3-BF4B-00C04F79EFBC}") = "07-Arrays", "07-Arrays\07-Arrays.csproj", "{BDCA88B7-B072-4EC8-8E46-D99D923AC863}"
EndProject
Global
	GlobalSection(SolutionConfigurationPlatforms) = preSolution
		Debug|Any CPU = Debug|Any CPU
		Release|Any CPU = Release|Any CPU
	EndGlobalSection
	GlobalSection(ProjectConfigurationPlatforms) = postSolution
		{67211964-DBFA-4E8E-8B5F-EE875C6503DB}.Debug|Any CPU.ActiveCfg = Debug|Any CPU
		{67211964-DBFA-4E8E-8B5F-EE875C6503DB}.Debug|Any CPU.Build.0 = Debug|Any CPU
		{67211964-DBFA-4E8E-8B5F-EE875C6503DB}.Release|Any CPU.ActiveCfg = Release|Any CPU
		{67211964-DBFA-4E8E-8B5F-EE875C6503DB}.Release|Any CPU.Build.0 = Release|Any CPU
		{D8CFCCFB-33BC-435A-B954-A6466E58EB77}.Debug|Any CPU.ActiveCfg = Debug|Any CPU
		{D8CFCCFB-33BC-435A-B954-A6466E58EB77}.Debug|Any CPU.Build.0 = Debug|Any CPU
		{D8CFCCFB-33BC-435A-B954-A6466E58EB77}.Release|Any CPU.ActiveCfg = Release|Any CPU
		{D8CFCCFB-33BC-435A-B954-A6466E58EB77}.Release|Any CPU.Build.0 = Release|Any CPU
		{F55F4EFD-2A2B-4790-A456-F7698400145E}.Debug|Any CPU.ActiveCfg = Debug|Any CPU
		{F55F4EFD-2A2B-4790-A456-F7698400145E}.Debug|Any CPU.Build.0 = Debug|Any CPU
		{F55F4EFD-2A2B-4790-A456-F7698400145E}.Release|Any CPU.ActiveCfg = Release|Any CPU
		{F55F4EFD-2A2B-4790-A456-F7698400145E}.Release|Any CPU.Build.0 = Release|Any CPU
		{B37A401E-94F0-4452-A98B-989890F330EF}.Debug|Any CPU.ActiveCfg = Debug|Any CPU
		{B37A401E-94F0-4452-A98B-989890F330EF}.Debug|Any CPU.Build.0 = Debug|Any CPU
		{B37A401E-94F0-4452-A98B-989890F330EF}.Release|Any CPU.ActiveCfg = Release|Any CPU
		{B37A401E-94F0-4452-A98B-989890F330EF}.Release|Any CPU.Build.0 = Release|Any CPU
		{DB6D4833-7BAA-4C4C-B2DF-8C64777F7998}.Debug|Any CPU.ActiveCfg = Debug|Any CPU
		{DB6D4833-7BAA-4C4C-B2DF-8C64777F7998}.Debug|Any CPU.Build.0 = Debug|Any CPU
		{DB6D4833-7BAA-4C4C-B2DF-8C64777F7998}.Release|Any CPU.ActiveCfg = Release|Any CPU
		{DB6D4833-7BAA-4C4C-B2DF-8C64777F7998}.Release|Any CPU.Build.0 = Release|Any CPU
		{10D030FE-F3CE-4305-83A1-9B6E7B4EC42F}.Debug|Any CPU.ActiveCfg = Debug|Any CPU
		{10D030FE-F3CE-4305-83A1-9B6E7B4EC42F}.Debug|Any CPU.Build.0 = Debug|Any CPU
		{10D030FE-F3CE-4305-83A1-9B6E7B4EC42F}.Release|Any CPU.ActiveCfg = Release|Any CPU
		{10D030FE-F3CE-4305-83A1-9B6E7B4EC42F}.Release|Any CPU.Build.0 = Release|Any CPU
		{74AF1911-7A9E-4477-8A29-7068D233A274}.Debug|Any CPU.ActiveCfg = Debug|Any CPU
		{74AF1911-7A9E-4477-8A29-7068D233A274}.Debug|Any CPU.Build.0 = Debug|Any CPU
		{74AF1911-7A9E-4477-8A29-7068D233A274}.Release|Any CPU.ActiveCfg = Release|Any CPU
		{74AF1911-7A9E-4477-8A29-7068D233A274}.Release|Any CPU.Build.0 = Release|Any CPU
		{0320C626-98DB-4A6A-9186-74ADDA96A2F3}.Debug|Any CPU.ActiveCfg = Debug|Any CPU
		{0320C626-98DB-4A6A-9186-74ADDA96A2F3}.Debug|Any CPU.Build.0 = Debug|Any CPU
		{0320C626-98DB-4A6A-9186-74ADDA96A2F3}.Release|Any CPU.ActiveCfg = Release|Any CPU
		{0320C626-98DB-4A6A-9186-74ADDA96A2F3}.Release|Any CPU.Build.0 = Release|Any CPU
		{801EDDE4-DA24-43B3-ABEB-59723F9B8105}.Debug|Any CPU.ActiveCfg = Debug|Any CPU
		{801EDDE4-DA24-43B3-ABEB-59723F9B8105}.Debug|Any CPU.Build.0 = Debug|Any CPU
		{801EDDE4-DA24-43B3-ABEB-59723F9B8105}.Release|Any CPU.ActiveCfg = Release|Any CPU
		{801EDDE4-DA24-43B3-ABEB-59723F9B8105}.Release|Any CPU.Build.0 = Release|Any CPU
		{6FE6EC05-2819-427C-B493-F5E0D3D5204A}.Debug|Any CPU.ActiveCfg = Debug|Any CPU
		{6FE6EC05-2819-427C-B493-F5E0D3D5204A}.Debug|Any CPU.Build.0 = Debug|Any CPU
		{6FE6EC05-2819-427C-B493-F5E0D3D5204A}.Release|Any CPU.ActiveCfg = Release|Any CPU
		{6FE6EC05-2819-427C-B493-F5E0D3D5204A}.Release|Any CPU.Build.0 = Release|Any CPU
		{1377536C-1D28-4EB2-8E14-ADFF9623B408}.Debug|Any CPU.ActiveCfg = Debug|Any CPU
		{1377536C-1D28-4EB2-8E14-ADFF9623B408}.Debug|Any CPU.Build.0 = Debug|Any CPU
		{1377536C-1D28-4EB2-8E14-ADFF9623B408}.Release|Any CPU.ActiveCfg = Release|Any CPU
		{1377536C-1D28-4EB2-8E14-ADFF9623B408}.Release|Any CPU.Build.0 = Release|Any CPU
		{37A921B0-1CDE-4D4F-A3BA-234519731E3E}.Debug|Any CPU.ActiveCfg = Debug|Any CPU
		{37A921B0-1CDE-4D4F-A3BA-234519731E3E}.Debug|Any CPU.Build.0 = Debug|Any CPU
		{37A921B0-1CDE-4D4F-A3BA-234519731E3E}.Release|Any CPU.ActiveCfg = Release|Any CPU
		{37A921B0-1CDE-4D4F-A3BA-234519731E3E}.Release|Any CPU.Build.0 = Release|Any CPU
		{24AEA11A-7C80-4293-85D8-CFEE612ABAAC}.Debug|Any CPU.ActiveCfg = Debug|Any CPU
		{24AEA11A-7C80-4293-85D8-CFEE612ABAAC}.Debug|Any CPU.Build.0 = Debug|Any CPU
		{24AEA11A-7C80-4293-85D8-CFEE612ABAAC}.Release|Any CPU.ActiveCfg = Release|Any CPU
		{24AEA11A-7C80-4293-85D8-CFEE612ABAAC}.Release|Any CPU.Build.0 = Release|Any CPU
		{2E12C065-3414-4D29-94A4-9E37C8249C2A}.Debug|Any CPU.ActiveCfg = Debug|Any CPU
		{2E12C065-3414-4D29-94A4-9E37C8249C2A}.Debug|Any CPU.Build.0 = Debug|Any CPU
		{2E12C065-3414-4D29-94A4-9E37C8249C2A}.Release|Any CPU.ActiveCfg = Release|Any CPU
		{2E12C065-3414-4D29-94A4-9E37C8249C2A}.Release|Any CPU.Build.0 = Release|Any CPU
		{2FEE4839-FD18-44F9-A948-B11E98DB52C7}.Debug|Any CPU.ActiveCfg = Debug|Any CPU
		{2FEE4839-FD18-44F9-A948-B11E98DB52C7}.Debug|Any CPU.Build.0 = Debug|Any CPU
		{2FEE4839-FD18-44F9-A948-B11E98DB52C7}.Release|Any CPU.ActiveCfg = Release|Any CPU
		{2FEE4839-FD18-44F9-A948-B11E98DB52C7}.Release|Any CPU.Build.0 = Release|Any CPU
		{81BD9D71-B976-4EF1-B699-F1AC1A04426E}.Debug|Any CPU.ActiveCfg = Debug|Any CPU
		{81BD9D71-B976-4EF1-B699-F1AC1A04426E}.Debug|Any CPU.Build.0 = Debug|Any CPU
		{81BD9D71-B976-4EF1-B699-F1AC1A04426E}.Release|Any CPU.ActiveCfg = Release|Any CPU
		{81BD9D71-B976-4EF1-B699-F1AC1A04426E}.Release|Any CPU.Build.0 = Release|Any CPU
		{813F3988-CF46-46D1-B0D2-A7E0348E7FC1}.Debug|Any CPU.ActiveCfg = Debug|Any CPU
		{813F3988-CF46-46D1-B0D2-A7E0348E7FC1}.Debug|Any CPU.Build.0 = Debug|Any CPU
		{813F3988-CF46-46D1-B0D2-A7E0348E7FC1}.Release|Any CPU.ActiveCfg = Release|Any CPU
		{813F3988-CF46-46D1-B0D2-A7E0348E7FC1}.Release|Any CPU.Build.0 = Release|Any CPU
		{E944F5FD-F469-4884-B41D-B20C4FC2C882}.Debug|Any CPU.ActiveCfg = Debug|Any CPU
		{E944F5FD-F469-4884-B41D-B20C4FC2C882}.Debug|Any CPU.Build.0 = Debug|Any CPU
		{E944F5FD-F469-4884-B41D-B20C4FC2C882}.Release|Any CPU.ActiveCfg = Release|Any CPU
		{E944F5FD-F469-4884-B41D-B20C4FC2C882}.Release|Any CPU.Build.0 = Release|Any CPU
		{7DF86E77-4640-4BE5-91BF-098E8469F35F}.Debug|Any CPU.ActiveCfg = Debug|Any CPU
		{7DF86E77-4640-4BE5-91BF-098E8469F35F}.Debug|Any CPU.Build.0 = Debug|Any CPU
		{7DF86E77-4640-4BE5-91BF-098E8469F35F}.Release|Any CPU.ActiveCfg = Release|Any CPU
		{7DF86E77-4640-4BE5-91BF-098E8469F35F}.Release|Any CPU.Build.0 = Release|Any CPU
		{6492A030-7F3F-401C-9C82-BCA2024C3D22}.Debug|Any CPU.ActiveCfg = Debug|Any CPU
		{6492A030-7F3F-401C-9C82-BCA2024C3D22}.Debug|Any CPU.Build.0 = Debug|Any CPU
		{6492A030-7F3F-401C-9C82-BCA2024C3D22}.Release|Any CPU.ActiveCfg = Release|Any CPU
		{6492A030-7F3F-401C-9C82-BCA2024C3D22}.Release|Any CPU.Build.0 = Release|Any CPU
		{8B55D32D-403C-4ED0-9B0F-C51C2542A148}.Debug|Any CPU.ActiveCfg = Debug|Any CPU
		{8B55D32D-403C-4ED0-9B0F-C51C2542A148}.Debug|Any CPU.Build.0 = Debug|Any CPU
		{8B55D32D-403C-4ED0-9B0F-C51C2542A148}.Release|Any CPU.ActiveCfg = Release|Any CPU
		{8B55D32D-403C-4ED0-9B0F-C51C2542A148}.Release|Any CPU.Build.0 = Release|Any CPU
		{6C7A37B2-8E2F-4A22-8FC0-E2ABB614B212}.Debug|Any CPU.ActiveCfg = Debug|Any CPU
		{6C7A37B2-8E2F-4A22-8FC0-E2ABB614B212}.Debug|Any CPU.Build.0 = Debug|Any CPU
		{6C7A37B2-8E2F-4A22-8FC0-E2ABB614B212}.Release|Any CPU.ActiveCfg = Release|Any CPU
		{6C7A37B2-8E2F-4A22-8FC0-E2ABB614B212}.Release|Any CPU.Build.0 = Release|Any CPU
		{BFBC5E69-63AE-4A7C-A404-F5F2059098E6}.Debug|Any CPU.ActiveCfg = Debug|Any CPU
		{BFBC5E69-63AE-4A7C-A404-F5F2059098E6}.Debug|Any CPU.Build.0 = Debug|Any CPU
		{BFBC5E69-63AE-4A7C-A404-F5F2059098E6}.Release|Any CPU.ActiveCfg = Release|Any CPU
		{BFBC5E69-63AE-4A7C-A404-F5F2059098E6}.Release|Any CPU.Build.0 = Release|Any CPU
		{83ABFC7F-B7FC-4D0D-AAC3-EAC884BB1D02}.Debug|Any CPU.ActiveCfg = Debug|Any CPU
		{83ABFC7F-B7FC-4D0D-AAC3-EAC884BB1D02}.Debug|Any CPU.Build.0 = Debug|Any CPU
		{83ABFC7F-B7FC-4D0D-AAC3-EAC884BB1D02}.Release|Any CPU.ActiveCfg = Release|Any CPU
		{83ABFC7F-B7FC-4D0D-AAC3-EAC884BB1D02}.Release|Any CPU.Build.0 = Release|Any CPU
		{E52E6B94-2533-4A10-8A0D-FCBCA8092F61}.Debug|Any CPU.ActiveCfg = Debug|Any CPU
		{E52E6B94-2533-4A10-8A0D-FCBCA8092F61}.Debug|Any CPU.Build.0 = Debug|Any CPU
		{E52E6B94-2533-4A10-8A0D-FCBCA8092F61}.Release|Any CPU.ActiveCfg = Release|Any CPU
		{E52E6B94-2533-4A10-8A0D-FCBCA8092F61}.Release|Any CPU.Build.0 = Release|Any CPU
		{793BF8A1-ED45-4D3F-99CC-3C05DF5A2268}.Debug|Any CPU.ActiveCfg = Debug|Any CPU
		{793BF8A1-ED45-4D3F-99CC-3C05DF5A2268}.Debug|Any CPU.Build.0 = Debug|Any CPU
		{793BF8A1-ED45-4D3F-99CC-3C05DF5A2268}.Release|Any CPU.ActiveCfg = Release|Any CPU
		{793BF8A1-ED45-4D3F-99CC-3C05DF5A2268}.Release|Any CPU.Build.0 = Release|Any CPU
		{6266E448-F6A2-44E0-95E1-F91C7DCA7F9E}.Debug|Any CPU.ActiveCfg = Debug|Any CPU
		{6266E448-F6A2-44E0-95E1-F91C7DCA7F9E}.Debug|Any CPU.Build.0 = Debug|Any CPU
		{6266E448-F6A2-44E0-95E1-F91C7DCA7F9E}.Release|Any CPU.ActiveCfg = Release|Any CPU
		{6266E448-F6A2-44E0-95E1-F91C7DCA7F9E}.Release|Any CPU.Build.0 = Release|Any CPU
		{FE766408-32B7-4FE4-B8CD-86A7B93EADEF}.Debug|Any CPU.ActiveCfg = Debug|Any CPU
		{FE766408-32B7-4FE4-B8CD-86A7B93EADEF}.Debug|Any CPU.Build.0 = Debug|Any CPU
		{FE766408-32B7-4FE4-B8CD-86A7B93EADEF}.Release|Any CPU.ActiveCfg = Release|Any CPU
		{FE766408-32B7-4FE4-B8CD-86A7B93EADEF}.Release|Any CPU.Build.0 = Release|Any CPU
		{09A6CD74-D940-4B0D-896F-C9F09BB5C381}.Debug|Any CPU.ActiveCfg = Debug|Any CPU
		{09A6CD74-D940-4B0D-896F-C9F09BB5C381}.Debug|Any CPU.Build.0 = Debug|Any CPU
		{09A6CD74-D940-4B0D-896F-C9F09BB5C381}.Release|Any CPU.ActiveCfg = Release|Any CPU
		{09A6CD74-D940-4B0D-896F-C9F09BB5C381}.Release|Any CPU.Build.0 = Release|Any CPU
		{BDCA88B7-B072-4EC8-8E46-D99D923AC863}.Debug|Any CPU.ActiveCfg = Debug|Any CPU
		{BDCA88B7-B072-4EC8-8E46-D99D923AC863}.Debug|Any CPU.Build.0 = Debug|Any CPU
		{BDCA88B7-B072-4EC8-8E46-D99D923AC863}.Release|Any CPU.ActiveCfg = Release|Any CPU
		{BDCA88B7-B072-4EC8-8E46-D99D923AC863}.Release|Any CPU.Build.0 = Release|Any CPU
	EndGlobalSection
	GlobalSection(SolutionProperties) = preSolution
		HideSolutionNode = FALSE
	EndGlobalSection
	GlobalSection(ExtensibilityGlobals) = postSolution
		SolutionGuid = {CE01285B-D259-4AD2-8DB9-98CB700D232B}
	EndGlobalSection
EndGlobal
